{
  "version": 4,
  "terraform_version": "0.12.26",
  "serial": 40,
  "lineage": "f33ed0be-5fd3-c291-7556-2e69859ef3b9",
  "outputs": {
    "public_ip_address": {
      "value": "52.231.11.153",
      "type": "string"
    }
  },
  "resources": [
    {
      "mode": "data",
      "type": "azurerm_subscription",
      "name": "current",
      "provider": "provider.azurerm",
      "instances": [
        {
          "schema_version": 0,
          "attributes": {
            "display_name": "Microsoft Azure Internal Consumption",
            "id": "/subscriptions/05be085b-86ea-4336-addc-38fd56051a9e",
            "location_placement_id": "Internal_2014-09-01",
            "quota_id": "Internal_2014-09-01",
            "spending_limit": "Off",
            "state": "Enabled",
            "subscription_id": "05be085b-86ea-4336-addc-38fd56051a9e",
            "tenant_id": "72f988bf-86f1-41af-91ab-2d7cd011db47",
            "timeouts": null
          }
        }
      ]
    },
    {
      "mode": "data",
      "type": "azurerm_subscription",
      "name": "primary",
      "provider": "provider.azurerm",
      "instances": [
        {
          "schema_version": 0,
          "attributes": {
            "display_name": "Microsoft Azure Internal Consumption",
            "id": "/subscriptions/05be085b-86ea-4336-addc-38fd56051a9e",
            "location_placement_id": "Internal_2014-09-01",
            "quota_id": "Internal_2014-09-01",
            "spending_limit": "Off",
            "state": "Enabled",
            "subscription_id": "05be085b-86ea-4336-addc-38fd56051a9e",
            "tenant_id": "72f988bf-86f1-41af-91ab-2d7cd011db47",
            "timeouts": null
          }
        }
      ]
    },
    {
      "mode": "data",
      "type": "azurerm_subscription",
      "name": "subscription",
      "provider": "provider.azurerm",
      "instances": [
        {
          "schema_version": 0,
          "attributes": {
            "display_name": "Microsoft Azure Internal Consumption",
            "id": "/subscriptions/05be085b-86ea-4336-addc-38fd56051a9e",
            "location_placement_id": "Internal_2014-09-01",
            "quota_id": "Internal_2014-09-01",
            "spending_limit": "Off",
            "state": "Enabled",
            "subscription_id": "05be085b-86ea-4336-addc-38fd56051a9e",
            "tenant_id": "72f988bf-86f1-41af-91ab-2d7cd011db47",
            "timeouts": null
          }
        }
      ]
    },
    {
      "mode": "managed",
      "type": "azurerm_network_interface",
      "name": "terraformnic",
      "provider": "provider.azurerm",
      "instances": [
        {
          "schema_version": 0,
          "attributes": {
            "applied_dns_servers": [],
            "dns_servers": [],
            "enable_accelerated_networking": false,
            "enable_ip_forwarding": false,
            "id": "/subscriptions/05be085b-86ea-4336-addc-38fd56051a9e/resourceGroups/tf-centos-rg/providers/Microsoft.Network/networkInterfaces/centos7-random_integer.ri.result-NIC",
            "internal_dns_name_label": "",
            "internal_domain_name_suffix": "5cwcb55iy5kupjju1cl2ynknoe.syx.internal.cloudapp.net",
            "ip_configuration": [
              {
                "name": "myNicConfiguration",
                "primary": true,
                "private_ip_address": "10.100.1.4",
                "private_ip_address_allocation": "Dynamic",
                "private_ip_address_version": "IPv4",
                "public_ip_address_id": "/subscriptions/05be085b-86ea-4336-addc-38fd56051a9e/resourceGroups/tf-centos-rg/providers/Microsoft.Network/publicIPAddresses/centos7-random_integer.ri.result-PIP",
                "subnet_id": "/subscriptions/05be085b-86ea-4336-addc-38fd56051a9e/resourceGroups/tf-centos-rg/providers/Microsoft.Network/virtualNetworks/terraformvnet/subnets/serversubnet"
              }
            ],
            "location": "koreacentral",
            "mac_address": "",
            "name": "centos7-random_integer.ri.result-NIC",
            "private_ip_address": "10.100.1.4",
            "private_ip_addresses": [
              "10.100.1.4"
            ],
            "resource_group_name": "tf-centos-rg",
            "tags": {
              "environment": "Terraform Deployment"
            },
            "timeouts": null,
            "virtual_machine_id": ""
          },
          "private": "eyJlMmJmYjczMC1lY2FhLTExZTYtOGY4OC0zNDM2M2JjN2M0YzAiOnsiY3JlYXRlIjoxODAwMDAwMDAwMDAwLCJkZWxldGUiOjE4MDAwMDAwMDAwMDAsInJlYWQiOjMwMDAwMDAwMDAwMCwidXBkYXRlIjoxODAwMDAwMDAwMDAwfX0=",
          "dependencies": [
            "azurerm_public_ip.terraformpip",
            "azurerm_resource_group.terraformrg",
            "azurerm_subnet.terraformvnetserversubnet",
            "azurerm_virtual_network.terraformvnet"
          ]
        }
      ]
    },
    {
      "mode": "managed",
      "type": "azurerm_network_interface_security_group_association",
      "name": "newssh_to_tfnic",
      "provider": "provider.azurerm",
      "instances": [
        {
          "schema_version": 0,
          "attributes": {
            "id": "/subscriptions/05be085b-86ea-4336-addc-38fd56051a9e/resourceGroups/tf-centos-rg/providers/Microsoft.Network/networkInterfaces/centos7-random_integer.ri.result-NIC|/subscriptions/05be085b-86ea-4336-addc-38fd56051a9e/resourceGroups/tf-centos-rg/providers/Microsoft.Network/networkSecurityGroups/terraformnsg",
            "network_interface_id": "/subscriptions/05be085b-86ea-4336-addc-38fd56051a9e/resourceGroups/tf-centos-rg/providers/Microsoft.Network/networkInterfaces/centos7-random_integer.ri.result-NIC",
            "network_security_group_id": "/subscriptions/05be085b-86ea-4336-addc-38fd56051a9e/resourceGroups/tf-centos-rg/providers/Microsoft.Network/networkSecurityGroups/terraformnsg",
            "timeouts": null
          },
          "private": "eyJlMmJmYjczMC1lY2FhLTExZTYtOGY4OC0zNDM2M2JjN2M0YzAiOnsiY3JlYXRlIjoxODAwMDAwMDAwMDAwLCJkZWxldGUiOjE4MDAwMDAwMDAwMDAsInJlYWQiOjMwMDAwMDAwMDAwMCwidXBkYXRlIjoxODAwMDAwMDAwMDAwfX0=",
          "dependencies": [
            "azurerm_network_interface.terraformnic",
            "azurerm_network_security_group.terraformnsg",
            "azurerm_public_ip.terraformpip",
            "azurerm_resource_group.terraformrg",
            "azurerm_subnet.terraformvnetserversubnet",
            "azurerm_virtual_network.terraformvnet"
          ]
        }
      ]
    },
    {
      "mode": "managed",
      "type": "azurerm_network_security_group",
      "name": "terraformnsg",
      "provider": "provider.azurerm",
      "instances": [
        {
          "schema_version": 0,
          "attributes": {
            "id": "/subscriptions/05be085b-86ea-4336-addc-38fd56051a9e/resourceGroups/tf-centos-rg/providers/Microsoft.Network/networkSecurityGroups/terraformnsg",
            "location": "koreacentral",
            "name": "terraformnsg",
            "resource_group_name": "tf-centos-rg",
            "security_rule": [
              {
                "access": "Allow",
                "description": "",
                "destination_address_prefix": "*",
                "destination_address_prefixes": [],
                "destination_application_security_group_ids": [],
                "destination_port_range": "22",
                "destination_port_ranges": [],
                "direction": "Inbound",
                "name": "SSH",
                "priority": 1001,
                "protocol": "Tcp",
                "source_address_prefix": "*",
                "source_address_prefixes": [],
                "source_application_security_group_ids": [],
                "source_port_range": "*",
                "source_port_ranges": []
              }
            ],
            "tags": {
              "environment": "Terraform Deployment"
            },
            "timeouts": null
          },
          "private": "eyJlMmJmYjczMC1lY2FhLTExZTYtOGY4OC0zNDM2M2JjN2M0YzAiOnsiY3JlYXRlIjoxODAwMDAwMDAwMDAwLCJkZWxldGUiOjE4MDAwMDAwMDAwMDAsInJlYWQiOjMwMDAwMDAwMDAwMCwidXBkYXRlIjoxODAwMDAwMDAwMDAwfX0=",
          "dependencies": [
            "azurerm_resource_group.terraformrg"
          ]
        }
      ]
    },
    {
      "mode": "managed",
      "type": "azurerm_network_security_rule",
      "name": "newssh",
      "provider": "provider.azurerm",
      "instances": [
        {
          "schema_version": 0,
          "attributes": {
            "access": "Allow",
            "description": "",
            "destination_address_prefix": "*",
            "destination_address_prefixes": null,
            "destination_application_security_group_ids": null,
            "destination_port_range": "2022",
            "destination_port_ranges": null,
            "direction": "Inbound",
            "id": "/subscriptions/05be085b-86ea-4336-addc-38fd56051a9e/resourceGroups/tf-centos-rg/providers/Microsoft.Network/networkSecurityGroups/terraformnsg/securityRules/ssh2022",
            "name": "ssh2022",
            "network_security_group_name": "terraformnsg",
            "priority": 1002,
            "protocol": "Tcp",
            "resource_group_name": "tf-centos-rg",
            "source_address_prefix": "*",
            "source_address_prefixes": null,
            "source_application_security_group_ids": null,
            "source_port_range": "*",
            "source_port_ranges": null,
            "timeouts": null
          },
          "private": "eyJlMmJmYjczMC1lY2FhLTExZTYtOGY4OC0zNDM2M2JjN2M0YzAiOnsiY3JlYXRlIjoxODAwMDAwMDAwMDAwLCJkZWxldGUiOjE4MDAwMDAwMDAwMDAsInJlYWQiOjMwMDAwMDAwMDAwMCwidXBkYXRlIjoxODAwMDAwMDAwMDAwfX0=",
          "dependencies": [
            "azurerm_network_security_group.terraformnsg",
            "azurerm_resource_group.terraformrg"
          ]
        }
      ]
    },
    {
      "mode": "managed",
      "type": "azurerm_public_ip",
      "name": "terraformpip",
      "provider": "provider.azurerm",
      "instances": [
        {
          "schema_version": 0,
          "attributes": {
            "allocation_method": "Static",
            "domain_name_label": null,
            "fqdn": null,
            "id": "/subscriptions/05be085b-86ea-4336-addc-38fd56051a9e/resourceGroups/tf-centos-rg/providers/Microsoft.Network/publicIPAddresses/centos7-random_integer.ri.result-PIP",
            "idle_timeout_in_minutes": 4,
            "ip_address": "52.231.11.153",
            "ip_version": "IPv4",
            "location": "koreacentral",
            "name": "centos7-random_integer.ri.result-PIP",
            "public_ip_prefix_id": null,
            "resource_group_name": "tf-centos-rg",
            "reverse_fqdn": null,
            "sku": "Basic",
            "tags": {
              "environment": "Terraform Deployment"
            },
            "timeouts": null,
            "zones": null
          },
          "private": "eyJlMmJmYjczMC1lY2FhLTExZTYtOGY4OC0zNDM2M2JjN2M0YzAiOnsiY3JlYXRlIjoxODAwMDAwMDAwMDAwLCJkZWxldGUiOjE4MDAwMDAwMDAwMDAsInJlYWQiOjMwMDAwMDAwMDAwMCwidXBkYXRlIjoxODAwMDAwMDAwMDAwfX0=",
          "dependencies": [
            "azurerm_resource_group.terraformrg"
          ]
        }
      ]
    },
    {
      "mode": "managed",
      "type": "azurerm_resource_group",
      "name": "terraformrg",
      "provider": "provider.azurerm",
      "instances": [
        {
          "schema_version": 0,
          "attributes": {
            "id": "/subscriptions/05be085b-86ea-4336-addc-38fd56051a9e/resourceGroups/tf-centos-rg",
            "location": "koreacentral",
            "name": "tf-centos-rg",
            "tags": {
              "environment": "Terraform Deployment"
            },
            "timeouts": null
          },
          "private": "eyJlMmJmYjczMC1lY2FhLTExZTYtOGY4OC0zNDM2M2JjN2M0YzAiOnsiY3JlYXRlIjo1NDAwMDAwMDAwMDAwLCJkZWxldGUiOjU0MDAwMDAwMDAwMDAsInJlYWQiOjMwMDAwMDAwMDAwMCwidXBkYXRlIjo1NDAwMDAwMDAwMDAwfX0="
        }
      ]
    },
    {
      "mode": "managed",
      "type": "azurerm_role_assignment",
      "name": "terraformrg",
      "provider": "provider.azurerm",
      "instances": []
    },
    {
      "mode": "managed",
      "type": "azurerm_storage_account",
      "name": "diagstorage99",
      "provider": "provider.azurerm",
      "instances": [
        {
          "schema_version": 2,
          "attributes": {
            "access_tier": "Hot",
            "account_kind": "StorageV2",
            "account_replication_type": "LRS",
            "account_tier": "Standard",
            "blob_properties": [],
            "custom_domain": [],
            "enable_https_traffic_only": true,
            "id": "/subscriptions/05be085b-86ea-4336-addc-38fd56051a9e/resourceGroups/tf-centos-rg/providers/Microsoft.Storage/storageAccounts/diagaf45cbf5749ce5c0",
            "identity": [],
            "is_hns_enabled": false,
            "location": "koreacentral",
            "name": "diagaf45cbf5749ce5c0",
            "network_rules": [
              {
                "bypass": [
                  "AzureServices"
                ],
                "default_action": "Allow",
                "ip_rules": [],
                "virtual_network_subnet_ids": []
              }
            ],
            "primary_access_key": "b8iAvGsaAr7JvuMsh8i5GqgXvdeOotHmYMpl/x7hQ1bcRybv/z0yydVC74ZMan9tvlqAgSlKB5QtA4+SiJ41kg==",
            "primary_blob_connection_string": "DefaultEndpointsProtocol=https;BlobEndpoint=https://diagaf45cbf5749ce5c0.blob.core.windows.net/;AccountName=diagaf45cbf5749ce5c0;AccountKey=b8iAvGsaAr7JvuMsh8i5GqgXvdeOotHmYMpl/x7hQ1bcRybv/z0yydVC74ZMan9tvlqAgSlKB5QtA4+SiJ41kg==",
            "primary_blob_endpoint": "https://diagaf45cbf5749ce5c0.blob.core.windows.net/",
            "primary_blob_host": "diagaf45cbf5749ce5c0.blob.core.windows.net",
            "primary_connection_string": "DefaultEndpointsProtocol=https;AccountName=diagaf45cbf5749ce5c0;AccountKey=b8iAvGsaAr7JvuMsh8i5GqgXvdeOotHmYMpl/x7hQ1bcRybv/z0yydVC74ZMan9tvlqAgSlKB5QtA4+SiJ41kg==;EndpointSuffix=core.windows.net",
            "primary_dfs_endpoint": "https://diagaf45cbf5749ce5c0.dfs.core.windows.net/",
            "primary_dfs_host": "diagaf45cbf5749ce5c0.dfs.core.windows.net",
            "primary_file_endpoint": "https://diagaf45cbf5749ce5c0.file.core.windows.net/",
            "primary_file_host": "diagaf45cbf5749ce5c0.file.core.windows.net",
            "primary_location": "koreacentral",
            "primary_queue_endpoint": "https://diagaf45cbf5749ce5c0.queue.core.windows.net/",
            "primary_queue_host": "diagaf45cbf5749ce5c0.queue.core.windows.net",
            "primary_table_endpoint": "https://diagaf45cbf5749ce5c0.table.core.windows.net/",
            "primary_table_host": "diagaf45cbf5749ce5c0.table.core.windows.net",
            "primary_web_endpoint": "https://diagaf45cbf5749ce5c0.z12.web.core.windows.net/",
            "primary_web_host": "diagaf45cbf5749ce5c0.z12.web.core.windows.net",
            "queue_properties": [
              {
                "cors_rule": [],
                "hour_metrics": [
                  {
                    "enabled": true,
                    "include_apis": true,
                    "retention_policy_days": 7,
                    "version": "1.0"
                  }
                ],
                "logging": [
                  {
                    "delete": false,
                    "read": false,
                    "retention_policy_days": 0,
                    "version": "1.0",
                    "write": false
                  }
                ],
                "minute_metrics": [
                  {
                    "enabled": false,
                    "include_apis": false,
                    "retention_policy_days": 0,
                    "version": "1.0"
                  }
                ]
              }
            ],
            "resource_group_name": "tf-centos-rg",
            "secondary_access_key": "cVxgTSP7ijyUgJOw2X/nezUWXjc2KYxS5TNWUrseX0RvIZ6sk6KnRBJ4gbW3KziXfKLci3NIWWmKdvheBOFJBA==",
            "secondary_blob_connection_string": "",
            "secondary_blob_endpoint": null,
            "secondary_blob_host": null,
            "secondary_connection_string": "DefaultEndpointsProtocol=https;AccountName=diagaf45cbf5749ce5c0;AccountKey=cVxgTSP7ijyUgJOw2X/nezUWXjc2KYxS5TNWUrseX0RvIZ6sk6KnRBJ4gbW3KziXfKLci3NIWWmKdvheBOFJBA==;EndpointSuffix=core.windows.net",
            "secondary_dfs_endpoint": null,
            "secondary_dfs_host": null,
            "secondary_file_endpoint": null,
            "secondary_file_host": null,
            "secondary_location": "",
            "secondary_queue_endpoint": null,
            "secondary_queue_host": null,
            "secondary_table_endpoint": null,
            "secondary_table_host": null,
            "secondary_web_endpoint": null,
            "secondary_web_host": null,
            "static_website": [],
            "tags": {
              "environment": "Terraform Deployment"
            },
            "timeouts": null
          },
          "private": "eyJlMmJmYjczMC1lY2FhLTExZTYtOGY4OC0zNDM2M2JjN2M0YzAiOnsiY3JlYXRlIjozNjAwMDAwMDAwMDAwLCJkZWxldGUiOjM2MDAwMDAwMDAwMDAsInJlYWQiOjMwMDAwMDAwMDAwMCwidXBkYXRlIjozNjAwMDAwMDAwMDAwfSwic2NoZW1hX3ZlcnNpb24iOiIyIn0=",
          "dependencies": [
            "azurerm_resource_group.terraformrg",
            "random_id.randomId"
          ]
        }
      ]
    },
    {
      "mode": "managed",
      "type": "azurerm_subnet",
      "name": "terraformvnetserversubnet",
      "provider": "provider.azurerm",
      "instances": [
        {
          "schema_version": 0,
          "attributes": {
            "address_prefix": "10.100.1.0/24",
            "address_prefixes": [
              "10.100.1.0/24"
            ],
            "delegation": [],
            "enforce_private_link_endpoint_network_policies": false,
            "enforce_private_link_service_network_policies": false,
            "id": "/subscriptions/05be085b-86ea-4336-addc-38fd56051a9e/resourceGroups/tf-centos-rg/providers/Microsoft.Network/virtualNetworks/terraformvnet/subnets/serversubnet",
            "name": "serversubnet",
            "resource_group_name": "tf-centos-rg",
            "service_endpoints": null,
            "timeouts": null,
            "virtual_network_name": "terraformvnet"
          },
          "private": "eyJlMmJmYjczMC1lY2FhLTExZTYtOGY4OC0zNDM2M2JjN2M0YzAiOnsiY3JlYXRlIjoxODAwMDAwMDAwMDAwLCJkZWxldGUiOjE4MDAwMDAwMDAwMDAsInJlYWQiOjMwMDAwMDAwMDAwMCwidXBkYXRlIjoxODAwMDAwMDAwMDAwfX0=",
          "dependencies": [
            "azurerm_resource_group.terraformrg",
            "azurerm_virtual_network.terraformvnet"
          ]
        }
      ]
    },
    {
      "mode": "managed",
      "type": "azurerm_virtual_network",
      "name": "terraformvnet",
      "provider": "provider.azurerm",
      "instances": [
        {
          "schema_version": 0,
          "attributes": {
            "address_space": [
              "10.100.0.0/16"
            ],
            "ddos_protection_plan": [],
            "dns_servers": null,
            "guid": "ff20acf8-c7e8-47d5-a534-d897cc354d74",
            "id": "/subscriptions/05be085b-86ea-4336-addc-38fd56051a9e/resourceGroups/tf-centos-rg/providers/Microsoft.Network/virtualNetworks/terraformvnet",
            "location": "koreacentral",
            "name": "terraformvnet",
            "resource_group_name": "tf-centos-rg",
            "subnet": [],
            "tags": {
              "environment": "Terraform Deployment"
            },
            "timeouts": null
          },
          "private": "eyJlMmJmYjczMC1lY2FhLTExZTYtOGY4OC0zNDM2M2JjN2M0YzAiOnsiY3JlYXRlIjoxODAwMDAwMDAwMDAwLCJkZWxldGUiOjE4MDAwMDAwMDAwMDAsInJlYWQiOjMwMDAwMDAwMDAwMCwidXBkYXRlIjoxODAwMDAwMDAwMDAwfX0=",
          "dependencies": [
            "azurerm_resource_group.terraformrg"
          ]
        }
      ]
    },
    {
      "mode": "managed",
      "type": "random_id",
      "name": "randomId",
      "provider": "provider.random",
      "instances": [
        {
          "schema_version": 0,
          "attributes": {
            "b64": "r0XL9XSc5cA",
            "b64_std": "r0XL9XSc5cA=",
            "b64_url": "r0XL9XSc5cA",
            "byte_length": 8,
            "dec": "12629724985114289600",
            "hex": "af45cbf5749ce5c0",
            "id": "r0XL9XSc5cA",
            "keepers": {
              "resource_group": "tf-centos-rg"
            },
            "prefix": null
          },
          "private": "bnVsbA==",
          "dependencies": [
            "azurerm_resource_group.terraformrg"
          ]
        }
      ]
    },
    {
      "mode": "managed",
      "type": "random_integer",
      "name": "ri",
      "provider": "provider.random",
      "instances": [
        {
          "schema_version": 0,
          "attributes": {
            "id": "515",
            "keepers": null,
            "max": 999,
            "min": 0,
            "result": 515,
            "seed": null
          },
          "private": "bnVsbA=="
        }
      ]
    }
  ]
}
